// !$*UTF8*$!
{
	archiveVersion = 1;
	classes = {
	};
	objectVersion = 46;
	objects = {

/* Begin PBXBuildFile section */
		7641E9901932D30A002EEC66 /* Foundation.framework in Frameworks */ = {isa = PBXBuildFile; fileRef = 7641E98F1932D30A002EEC66 /* Foundation.framework */; };
		7641E9921932D30A002EEC66 /* CoreGraphics.framework in Frameworks */ = {isa = PBXBuildFile; fileRef = 7641E9911932D30A002EEC66 /* CoreGraphics.framework */; };
		7641E9941932D30A002EEC66 /* UIKit.framework in Frameworks */ = {isa = PBXBuildFile; fileRef = 7641E9931932D30A002EEC66 /* UIKit.framework */; };
		7641E99A1932D30A002EEC66 /* InfoPlist.strings in Resources */ = {isa = PBXBuildFile; fileRef = 7641E9981932D30A002EEC66 /* InfoPlist.strings */; };
		7641E99C1932D30A002EEC66 /* main.m in Sources */ = {isa = PBXBuildFile; fileRef = 7641E99B1932D30A002EEC66 /* main.m */; };
		7641E9A01932D30A002EEC66 /* AppDelegate.m in Sources */ = {isa = PBXBuildFile; fileRef = 7641E99F1932D30A002EEC66 /* AppDelegate.m */; };
		7641E9A31932D30A002EEC66 /* Main_iPhone.storyboard in Resources */ = {isa = PBXBuildFile; fileRef = 7641E9A11932D30A002EEC66 /* Main_iPhone.storyboard */; };
		7641E9A61932D30A002EEC66 /* Main_iPad.storyboard in Resources */ = {isa = PBXBuildFile; fileRef = 7641E9A41932D30A002EEC66 /* Main_iPad.storyboard */; };
		7641E9A91932D30A002EEC66 /* ViewController.m in Sources */ = {isa = PBXBuildFile; fileRef = 7641E9A81932D30A002EEC66 /* ViewController.m */; };
		7641E9AB1932D30A002EEC66 /* Images.xcassets in Resources */ = {isa = PBXBuildFile; fileRef = 7641E9AA1932D30A002EEC66 /* Images.xcassets */; };
		7641E9B21932D30A002EEC66 /* XCTest.framework in Frameworks */ = {isa = PBXBuildFile; fileRef = 7641E9B11932D30A002EEC66 /* XCTest.framework */; };
		7641E9B31932D30A002EEC66 /* Foundation.framework in Frameworks */ = {isa = PBXBuildFile; fileRef = 7641E98F1932D30A002EEC66 /* Foundation.framework */; };
		7641E9B41932D30A002EEC66 /* UIKit.framework in Frameworks */ = {isa = PBXBuildFile; fileRef = 7641E9931932D30A002EEC66 /* UIKit.framework */; };
		7641E9BC1932D30A002EEC66 /* InfoPlist.strings in Resources */ = {isa = PBXBuildFile; fileRef = 7641E9BA1932D30A002EEC66 /* InfoPlist.strings */; };
		7641E9BE1932D30A002EEC66 /* CardGameTests.m in Sources */ = {isa = PBXBuildFile; fileRef = 7641E9BD1932D30A002EEC66 /* CardGameTests.m */; };
/* End PBXBuildFile section */

/* Begin PBXContainerItemProxy section */
		7641E9B51932D30A002EEC66 /* PBXContainerItemProxy */ = {
			isa = PBXContainerItemProxy;
			containerPortal = 7641E9841932D30A002EEC66 /* Project object */;
			proxyType = 1;
			remoteGlobalIDString = 7641E98B1932D30A002EEC66;
			remoteInfo = CardGame;
		};
/* End PBXContainerItemProxy section */

/* Begin PBXFileReference section */
		7641E98C1932D30A002EEC66 /* CardGame.app */ = {isa = PBXFileReference; explicitFileType = wrapper.application; includeInIndex = 0; path = CardGame.app; sourceTree = BUILT_PRODUCTS_DIR; };
		7641E98F1932D30A002EEC66 /* Foundation.framework */ = {isa = PBXFileReference; lastKnownFileType = wrapper.framework; name = Foundation.framework; path = System/Library/Frameworks/Foundation.framework; sourceTree = SDKROOT; };
		7641E9911932D30A002EEC66 /* CoreGraphics.framework */ = {isa = PBXFileReference; lastKnownFileType = wrapper.framework; name = CoreGraphics.framework; path = System/Library/Frameworks/CoreGraphics.framework; sourceTree = SDKROOT; };
		7641E9931932D30A002EEC66 /* UIKit.framework */ = {isa = PBXFileReference; lastKnownFileType = wrapper.framework; name = UIKit.framework; path = System/Library/Frameworks/UIKit.framework; sourceTree = SDKROOT; };
		7641E9971932D30A002EEC66 /* CardGame-Info.plist */ = {isa = PBXFileReference; lastKnownFileType = text.plist.xml; path = "CardGame-Info.plist"; sourceTree = "<group>"; };
		7641E9991932D30A002EEC66 /* en */ = {isa = PBXFileReference; lastKnownFileType = text.plist.strings; name = en; path = en.lproj/InfoPlist.strings; sourceTree = "<group>"; };
		7641E99B1932D30A002EEC66 /* main.m */ = {isa = PBXFileReference; lastKnownFileType = sourcecode.c.objc; path = main.m; sourceTree = "<group>"; };
		7641E99D1932D30A002EEC66 /* CardGame-Prefix.pch */ = {isa = PBXFileReference; lastKnownFileType = sourcecode.c.h; path = "CardGame-Prefix.pch"; sourceTree = "<group>"; };
		7641E99E1932D30A002EEC66 /* AppDelegate.h */ = {isa = PBXFileReference; lastKnownFileType = sourcecode.c.h; path = AppDelegate.h; sourceTree = "<group>"; };
		7641E99F1932D30A002EEC66 /* AppDelegate.m */ = {isa = PBXFileReference; lastKnownFileType = sourcecode.c.objc; path = AppDelegate.m; sourceTree = "<group>"; };
		7641E9A21932D30A002EEC66 /* Base */ = {isa = PBXFileReference; lastKnownFileType = file.storyboard; name = Base; path = Base.lproj/Main_iPhone.storyboard; sourceTree = "<group>"; };
		7641E9A51932D30A002EEC66 /* Base */ = {isa = PBXFileReference; lastKnownFileType = file.storyboard; name = Base; path = Base.lproj/Main_iPad.storyboard; sourceTree = "<group>"; };
		7641E9A71932D30A002EEC66 /* ViewController.h */ = {isa = PBXFileReference; lastKnownFileType = sourcecode.c.h; path = ViewController.h; sourceTree = "<group>"; };
		7641E9A81932D30A002EEC66 /* ViewController.m */ = {isa = PBXFileReference; lastKnownFileType = sourcecode.c.objc; path = ViewController.m; sourceTree = "<group>"; };
		7641E9AA1932D30A002EEC66 /* Images.xcassets */ = {isa = PBXFileReference; lastKnownFileType = folder.assetcatalog; path = Images.xcassets; sourceTree = "<group>"; };
		7641E9B01932D30A002EEC66 /* CardGameTests.xctest */ = {isa = PBXFileReference; explicitFileType = wrapper.cfbundle; includeInIndex = 0; path = CardGameTests.xctest; sourceTree = BUILT_PRODUCTS_DIR; };
		7641E9B11932D30A002EEC66 /* XCTest.framework */ = {isa = PBXFileReference; lastKnownFileType = wrapper.framework; name = XCTest.framework; path = Library/Frameworks/XCTest.framework; sourceTree = DEVELOPER_DIR; };
		7641E9B91932D30A002EEC66 /* CardGameTests-Info.plist */ = {isa = PBXFileReference; lastKnownFileType = text.plist.xml; path = "CardGameTests-Info.plist"; sourceTree = "<group>"; };
		7641E9BB1932D30A002EEC66 /* en */ = {isa = PBXFileReference; lastKnownFileType = text.plist.strings; name = en; path = en.lproj/InfoPlist.strings; sourceTree = "<group>"; };
		7641E9BD1932D30A002EEC66 /* CardGameTests.m */ = {isa = PBXFileReference; lastKnownFileType = sourcecode.c.objc; path = CardGameTests.m; sourceTree = "<group>"; };
/* End PBXFileReference section */

/* Begin PBXFrameworksBuildPhase section */
		7641E9891932D30A002EEC66 /* Frameworks */ = {
			isa = PBXFrameworksBuildPhase;
			buildActionMask = 2147483647;
			files = (
				7641E9921932D30A002EEC66 /* CoreGraphics.framework in Frameworks */,
				7641E9941932D30A002EEC66 /* UIKit.framework in Frameworks */,
				7641E9901932D30A002EEC66 /* Foundation.framework in Frameworks */,
			);
			runOnlyForDeploymentPostprocessing = 0;
		};
		7641E9AD1932D30A002EEC66 /* Frameworks */ = {
			isa = PBXFrameworksBuildPhase;
			buildActionMask = 2147483647;
			files = (
				7641E9B21932D30A002EEC66 /* XCTest.framework in Frameworks */,
				7641E9B41932D30A002EEC66 /* UIKit.framework in Frameworks */,
				7641E9B31932D30A002EEC66 /* Foundation.framework in Frameworks */,
			);
			runOnlyForDeploymentPostprocessing = 0;
		};
/* End PBXFrameworksBuildPhase section */

/* Begin PBXGroup section */
		7641E9831932D30A002EEC66 = {
			isa = PBXGroup;
			children = (
				7641E9951932D30A002EEC66 /* CardGame */,
				7641E9B71932D30A002EEC66 /* CardGameTests */,
				7641E98E1932D30A002EEC66 /* Frameworks */,
				7641E98D1932D30A002EEC66 /* Products */,
			);
			sourceTree = "<group>";
		};
		7641E98D1932D30A002EEC66 /* Products */ = {
			isa = PBXGroup;
			children = (
				7641E98C1932D30A002EEC66 /* CardGame.app */,
				7641E9B01932D30A002EEC66 /* CardGameTests.xctest */,
			);
			name = Products;
			sourceTree = "<group>";
		};
		7641E98E1932D30A002EEC66 /* Frameworks */ = {
			isa = PBXGroup;
			children = (
				7641E98F1932D30A002EEC66 /* Foundation.framework */,
				7641E9911932D30A002EEC66 /* CoreGraphics.framework */,
				7641E9931932D30A002EEC66 /* UIKit.framework */,
				7641E9B11932D30A002EEC66 /* XCTest.framework */,
			);
			name = Frameworks;
			sourceTree = "<group>";
		};
		7641E9951932D30A002EEC66 /* CardGame */ = {
			isa = PBXGroup;
			children = (
				7641E99E1932D30A002EEC66 /* AppDelegate.h */,
				7641E99F1932D30A002EEC66 /* AppDelegate.m */,
				7641E9A11932D30A002EEC66 /* Main_iPhone.storyboard */,
				7641E9A41932D30A002EEC66 /* Main_iPad.storyboard */,
				7641E9A71932D30A002EEC66 /* ViewController.h */,
				7641E9A81932D30A002EEC66 /* ViewController.m */,
				7641E9AA1932D30A002EEC66 /* Images.xcassets */,
				7641E9961932D30A002EEC66 /* Supporting Files */,
			);
			path = CardGame;
			sourceTree = "<group>";
		};
		7641E9961932D30A002EEC66 /* Supporting Files */ = {
			isa = PBXGroup;
			children = (
				7641E9971932D30A002EEC66 /* CardGame-Info.plist */,
				7641E9981932D30A002EEC66 /* InfoPlist.strings */,
				7641E99B1932D30A002EEC66 /* main.m */,
				7641E99D1932D30A002EEC66 /* CardGame-Prefix.pch */,
			);
			name = "Supporting Files";
			sourceTree = "<group>";
		};
		7641E9B71932D30A002EEC66 /* CardGameTests */ = {
			isa = PBXGroup;
			children = (
				7641E9BD1932D30A002EEC66 /* CardGameTests.m */,
				7641E9B81932D30A002EEC66 /* Supporting Files */,
			);
			path = CardGameTests;
			sourceTree = "<group>";
		};
		7641E9B81932D30A002EEC66 /* Supporting Files */ = {
			isa = PBXGroup;
			children = (
				7641E9B91932D30A002EEC66 /* CardGameTests-Info.plist */,
				7641E9BA1932D30A002EEC66 /* InfoPlist.strings */,
			);
			name = "Supporting Files";
			sourceTree = "<group>";
		};
/* End PBXGroup section */

/* Begin PBXNativeTarget section */
		7641E98B1932D30A002EEC66 /* CardGame */ = {
			isa = PBXNativeTarget;
			buildConfigurationList = 7641E9C11932D30A002EEC66 /* Build configuration list for PBXNativeTarget "CardGame" */;
			buildPhases = (
				7641E9881932D30A002EEC66 /* Sources */,
				7641E9891932D30A002EEC66 /* Frameworks */,
				7641E98A1932D30A002EEC66 /* Resources */,
			);
			buildRules = (
			);
			dependencies = (
			);
			name = CardGame;
			productName = CardGame;
			productReference = 7641E98C1932D30A002EEC66 /* CardGame.app */;
			productType = "com.apple.product-type.application";
		};
		7641E9AF1932D30A002EEC66 /* CardGameTests */ = {
			isa = PBXNativeTarget;
			buildConfigurationList = 7641E9C41932D30A002EEC66 /* Build configuration list for PBXNativeTarget "CardGameTests" */;
			buildPhases = (
				7641E9AC1932D30A002EEC66 /* Sources */,
				7641E9AD1932D30A002EEC66 /* Frameworks */,
				7641E9AE1932D30A002EEC66 /* Resources */,
			);
			buildRules = (
			);
			dependencies = (
				7641E9B61932D30A002EEC66 /* PBXTargetDependency */,
			);
			name = CardGameTests;
			productName = CardGameTests;
			productReference = 7641E9B01932D30A002EEC66 /* CardGameTests.xctest */;
			productType = "com.apple.product-type.bundle.unit-test";
		};
/* End PBXNativeTarget section */

/* Begin PBXProject section */
		7641E9841932D30A002EEC66 /* Project object */ = {
			isa = PBXProject;
			attributes = {
				LastUpgradeCheck = 0510;
				ORGANIZATIONNAME = Pivot.IO;
				TargetAttributes = {
					7641E9AF1932D30A002EEC66 = {
						TestTargetID = 7641E98B1932D30A002EEC66;
					};
				};
			};
			buildConfigurationList = 7641E9871932D30A002EEC66 /* Build configuration list for PBXProject "CardGame" */;
			compatibilityVersion = "Xcode 3.2";
			developmentRegion = English;
			hasScannedForEncodings = 0;
			knownRegions = (
				en,
				Base,
			);
			mainGroup = 7641E9831932D30A002EEC66;
			productRefGroup = 7641E98D1932D30A002EEC66 /* Products */;
			projectDirPath = "";
			projectRoot = "";
			targets = (
				7641E98B1932D30A002EEC66 /* CardGame */,
				7641E9AF1932D30A002EEC66 /* CardGameTests */,
			);
		};
/* End PBXProject section */

/* Begin PBXResourcesBuildPhase section */
		7641E98A1932D30A002EEC66 /* Resources */ = {
			isa = PBXResourcesBuildPhase;
			buildActionMask = 2147483647;
			files = (
				7641E9A61932D30A002EEC66 /* Main_iPad.storyboard in Resources */,
				7641E9AB1932D30A002EEC66 /* Images.xcassets in Resources */,
				7641E9A31932D30A002EEC66 /* Main_iPhone.storyboard in Resources */,
				7641E99A1932D30A002EEC66 /* InfoPlist.strings in Resources */,
			);
			runOnlyForDeploymentPostprocessing = 0;
		};
		7641E9AE1932D30A002EEC66 /* Resources */ = {
			isa = PBXResourcesBuildPhase;
			buildActionMask = 2147483647;
			files = (
				7641E9BC1932D30A002EEC66 /* InfoPlist.strings in Resources */,
			);
			runOnlyForDeploymentPostprocessing = 0;
		};
/* End PBXResourcesBuildPhase section */

/* Begin PBXSourcesBuildPhase section */
		7641E9881932D30A002EEC66 /* Sources */ = {
			isa = PBXSourcesBuildPhase;
			buildActionMask = 2147483647;
			files = (
				7641E9A91932D30A002EEC66 /* ViewController.m in Sources */,
				7641E9A01932D30A002EEC66 /* AppDelegate.m in Sources */,
				7641E99C1932D30A002EEC66 /* main.m in Sources */,
			);
			runOnlyForDeploymentPostprocessing = 0;
		};
		7641E9AC1932D30A002EEC66 /* Sources */ = {
			isa = PBXSourcesBuildPhase;
			buildActionMask = 2147483647;
			files = (
				7641E9BE1932D30A002EEC66 /* CardGameTests.m in Sources */,
			);
			runOnlyForDeploymentPostprocessing = 0;
		};
/* End PBXSourcesBuildPhase section */

/* Begin PBXTargetDependency section */
		7641E9B61932D30A002EEC66 /* PBXTargetDependency */ = {
			isa = PBXTargetDependency;
			target = 7641E98B1932D30A002EEC66 /* CardGame */;
			targetProxy = 7641E9B51932D30A002EEC66 /* PBXContainerItemProxy */;
		};
/* End PBXTargetDependency section */

/* Begin PBXVariantGroup section */
		7641E9981932D30A002EEC66 /* InfoPlist.strings */ = {
			isa = PBXVariantGroup;
			children = (
				7641E9991932D30A002EEC66 /* en */,
			);
			name = InfoPlist.strings;
			sourceTree = "<group>";
		};
		7641E9A11932D30A002EEC66 /* Main_iPhone.storyboard */ = {
			isa = PBXVariantGroup;
			children = (
				7641E9A21932D30A002EEC66 /* Base */,
			);
			name = Main_iPhone.storyboard;
			sourceTree = "<group>";
		};
		7641E9A41932D30A002EEC66 /* Main_iPad.storyboard */ = {
			isa = PBXVariantGroup;
			children = (
				7641E9A51932D30A002EEC66 /* Base */,
			);
			name = Main_iPad.storyboard;
			sourceTree = "<group>";
		};
		7641E9BA1932D30A002EEC66 /* InfoPlist.strings */ = {
			isa = PBXVariantGroup;
			children = (
				7641E9BB1932D30A002EEC66 /* en */,
			);
			name = InfoPlist.strings;
			sourceTree = "<group>";
		};
/* End PBXVariantGroup section */

/* Begin XCBuildConfiguration section */
		7641E9BF1932D30A002EEC66 /* Debug */ = {
			isa = XCBuildConfiguration;
			buildSettings = {
				ALWAYS_SEARCH_USER_PATHS = NO;
				CLANG_CXX_LANGUAGE_STANDARD = "gnu++0x";
				CLANG_CXX_LIBRARY = "libc++";
				CLANG_ENABLE_MODULES = YES;
				CLANG_ENABLE_OBJC_ARC = YES;
				CLANG_WARN_BOOL_CONVERSION = YES;
				CLANG_WARN_CONSTANT_CONVERSION = YES;
				CLANG_WARN_DIRECT_OBJC_ISA_USAGE = YES_ERROR;
				CLANG_WARN_EMPTY_BODY = YES;
				CLANG_WARN_ENUM_CONVERSION = YES;
				CLANG_WARN_INT_CONVERSION = YES;
				CLANG_WARN_OBJC_ROOT_CLASS = YES_ERROR;
				CLANG_WARN__DUPLICATE_METHOD_MATCH = YES;
				"CODE_SIGN_IDENTITY[sdk=iphoneos*]" = "iPhone Developer";
				COPY_PHASE_STRIP = NO;
				GCC_C_LANGUAGE_STANDARD = gnu99;
				GCC_DYNAMIC_NO_PIC = NO;
				GCC_OPTIMIZATION_LEVEL = 0;
				GCC_PREPROCESSOR_DEFINITIONS = (
					"DEBUG=1",
					"$(inherited)",
				);
				GCC_SYMBOLS_PRIVATE_EXTERN = NO;
				GCC_WARN_64_TO_32_BIT_CONVERSION = YES;
				GCC_WARN_ABOUT_RETURN_TYPE = YES_ERROR;
				GCC_WARN_UNDECLARED_SELECTOR = YES;
				GCC_WARN_UNINITIALIZED_AUTOS = YES_AGGRESSIVE;
				GCC_WARN_UNUSED_FUNCTION = YES;
				GCC_WARN_UNUSED_VARIABLE = YES;
				IPHONEOS_DEPLOYMENT_TARGET = 7.1;
				ONLY_ACTIVE_ARCH = YES;
				SDKROOT = iphoneos;
				TARGETED_DEVICE_FAMILY = "1,2";
			};
			name = Debug;
		};
		7641E9C01932D30A002EEC66 /* Release */ = {
			isa = XCBuildConfiguration;
			buildSettings = {
				ALWAYS_SEARCH_USER_PATHS = NO;
				CLANG_CXX_LANGUAGE_STANDARD = "gnu++0x";
				CLANG_CXX_LIBRARY = "libc++";
				CLANG_ENABLE_MODULES = YES;
				CLANG_ENABLE_OBJC_ARC = YES;
				CLANG_WARN_BOOL_CONVERSION = YES;
				CLANG_WARN_CONSTANT_CONVERSION = YES;
				CLANG_WARN_DIRECT_OBJC_ISA_USAGE = YES_ERROR;
				CLANG_WARN_EMPTY_BODY = YES;
				CLANG_WARN_ENUM_CONVERSION = YES;
				CLANG_WARN_INT_CONVERSION = YES;
				CLANG_WARN_OBJC_ROOT_CLASS = YES_ERROR;
				CLANG_WARN__DUPLICATE_METHOD_MATCH = YES;
				"CODE_SIGN_IDENTITY[sdk=iphoneos*]" = "iPhone Developer";
				COPY_PHASE_STRIP = YES;
				ENABLE_NS_ASSERTIONS = NO;
				GCC_C_LANGUAGE_STANDARD = gnu99;
				GCC_WARN_64_TO_32_BIT_CONVERSION = YES;
				GCC_WARN_ABOUT_RETURN_TYPE = YES_ERROR;
				GCC_WARN_UNDECLARED_SELECTOR = YES;
				GCC_WARN_UNINITIALIZED_AUTOS = YES_AGGRESSIVE;
				GCC_WARN_UNUSED_FUNCTION = YES;
				GCC_WARN_UNUSED_VARIABLE = YES;
				IPHONEOS_DEPLOYMENT_TARGET = 7.1;
				SDKROOT = iphoneos;
				TARGETED_DEVICE_FAMILY = "1,2";
				VALIDATE_PRODUCT = YES;
			};
			name = Release;
		};
		7641E9C21932D30A002EEC66 /* Debug */ = {
			isa = XCBuildConfiguration;
			buildSettings = {
				ASSETCATALOG_COMPILER_APPICON_NAME = AppIcon;
				ASSETCATALOG_COMPILER_LAUNCHIMAGE_NAME = LaunchImage;
				GCC_PRECOMPILE_PREFIX_HEADER = YES;
				GCC_PREFIX_HEADER = "CardGame/CardGame-Prefix.pch";
				INFOPLIST_FILE = "CardGame/CardGame-Info.plist";
				PRODUCT_NAME = "$(TARGET_NAME)";
				WRAPPER_EXTENSION = app;
			};
			name = Debug;
		};
		7641E9C31932D30A002EEC66 /* Release */ = {
			isa = XCBuildConfiguration;
			buildSettings = {
				ASSETCATALOG_COMPILER_APPICON_NAME = AppIcon;
				ASSETCATALOG_COMPILER_LAUNCHIMAGE_NAME = LaunchImage;
				GCC_PRECOMPILE_PREFIX_HEADER = YES;
				GCC_PREFIX_HEADER = "CardGame/CardGame-Prefix.pch";
				INFOPLIST_FILE = "CardGame/CardGame-Info.plist";
				PRODUCT_NAME = "$(TARGET_NAME)";
				WRAPPER_EXTENSION = app;
			};
			name = Release;
		};
		7641E9C51932D30A002EEC66 /* Debug */ = {
			isa = XCBuildConfiguration;
			buildSettings = {
				BUNDLE_LOADER = "$(BUILT_PRODUCTS_DIR)/CardGame.app/CardGame";
				FRAMEWORK_SEARCH_PATHS = (
					"$(SDKROOT)/Developer/Library/Frameworks",
					"$(inherited)",
					"$(DEVELOPER_FRAMEWORKS_DIR)",
				);
				GCC_PRECOMPILE_PREFIX_HEADER = YES;
				GCC_PREFIX_HEADER = "CardGame/CardGame-Prefix.pch";
				GCC_PREPROCESSOR_DEFINITIONS = (
					"DEBUG=1",
					"$(inherited)",
				);
				INFOPLIST_FILE = "CardGameTests/CardGameTests-Info.plist";
				PRODUCT_NAME = "$(TARGET_NAME)";
				TEST_HOST = "$(BUNDLE_LOADER)";
				WRAPPER_EXTENSION = xctest;
			};
			name = Debug;
		};
		7641E9C61932D30A002EEC66 /* Release */ = {
			isa = XCBuildConfiguration;
			buildSettings = {
				BUNDLE_LOADER = "$(BUILT_PRODUCTS_DIR)/CardGame.app/CardGame";
				FRAMEWORK_SEARCH_PATHS = (
					"$(SDKROOT)/Developer/Library/Frameworks",
					"$(inherited)",
					"$(DEVELOPER_FRAMEWORKS_DIR)",
				);
				GCC_PRECOMPILE_PREFIX_HEADER = YES;
				GCC_PREFIX_HEADER = "CardGame/CardGame-Prefix.pch";
				INFOPLIST_FILE = "CardGameTests/CardGameTests-Info.plist";
				PRODUCT_NAME = "$(TARGET_NAME)";
				TEST_HOST = "$(BUNDLE_LOADER)";
				WRAPPER_EXTENSION = xctest;
			};
			name = Release;
		};
/* End XCBuildConfiguration section */

/* Begin XCConfigurationList section */
		7641E9871932D30A002EEC66 /* Build configuration list for PBXProject "CardGame" */ = {
			isa = XCConfigurationList;
			buildConfigurations = (
				7641E9BF1932D30A002EEC66 /* Debug */,
				7641E9C01932D30A002EEC66 /* Release */,
			);
			defaultConfigurationIsVisible = 0;
			defaultConfigurationName = Release;
		};
		7641E9C11932D30A002EEC66 /* Build configuration list for PBXNativeTarget "CardGame" */ = {
			isa = XCConfigurationList;
			buildConfigurations = (
				7641E9C21932D30A002EEC66 /* Debug */,
				7641E9C31932D30A002EEC66 /* Release */,
			);
			defaultConfigurationIsVisible = 0;
		};
		7641E9C41932D30A002EEC66 /* Build configuration list for PBXNativeTarget "CardGameTests" */ = {
			isa = XCConfigurationList;
			buildConfigurations = (
				7641E9C51932D30A002EEC66 /* Debug */,
				7641E9C61932D30A002EEC66 /* Release */,
			);
			defaultConfigurationIsVisible = 0;
		};
/* End XCConfigurationList section */
	};
	rootObject = 7641E9841932D30A002EEC66 /* Project object */;
}
